<?xml version="1.0" encoding="utf-8"?>
<Project ToolsVersion="4.0" xmlns="http://schemas.microsoft.com/developer/msbuild/2003">
  <ItemGroup>
    <Filter Include="Source Files">
      <UniqueIdentifier>{4FC737F1-C7A5-4376-A066-2A32D752A2FF}</UniqueIdentifier>
      <Extensions>cpp;c;cc;cxx;def;odl;idl;hpj;bat;asm;asmx</Extensions>
    </Filter>
    <Filter Include="Header Files">
      <UniqueIdentifier>{93995380-89BD-4b04-88EB-625FBE52EBFB}</UniqueIdentifier>
      <Extensions>h;hh;hpp;hxx;hm;inl;inc;xsd</Extensions>
    </Filter>
    <Filter Include="Resource Files">
      <UniqueIdentifier>{67DA6AB6-F800-4c08-8B7A-83BB121AAD01}</UniqueIdentifier>
      <Extensions>rc;ico;cur;bmp;dlg;rc2;rct;bin;rgs;gif;jpg;jpeg;jpe;resx;tiff;tif;png;wav;mfcribbon-ms</Extensions>
    </Filter>
  </ItemGroup>
  <ItemGroup>
    <ClCompile Include="dllmain.cpp">
      <Filter>Source Files</Filter>
    </ClCompile>
    <ClCompile Include="Threading\ThreadContext.cpp">
      <Filter>Source Files</Filter>
    </ClCompile>
    <ClCompile Include="ByteBuffer.cpp">
      <Filter>Source Files</Filter>
    </ClCompile>
    <ClCompile Include="ImGui\imgui.cpp">
      <Filter>Source Files</Filter>
    </ClCompile>
    <ClCompile Include="ImGui\imgui_demo.cpp">
      <Filter>Source Files</Filter>
    </ClCompile>
    <ClCompile Include="ImGui\imgui_draw.cpp">
      <Filter>Source Files</Filter>
    </ClCompile>
    <ClCompile Include="ImGui\imgui_impl_dx11.cpp">
      <Filter>Source Files</Filter>
    </ClCompile>
    <ClCompile Include="Types\Vector3.cpp">
      <Filter>Source Files</Filter>
    </ClCompile>
    <ClCompile Include="Threads\Observers.h">
      <Filter>Source Files</Filter>
    </ClCompile>
    <ClCompile Include="Utilities\MemoryObject.cpp">
      <Filter>Source Files</Filter>
    </ClCompile>
    <ClCompile Include="Models\Actor\ActorList.cpp">
      <Filter>Source Files</Filter>
    </ClCompile>
    <ClCompile Include="Models\Actor\ActorData.cpp">
      <Filter>Source Files</Filter>
    </ClCompile>
    <ClCompile Include="Models\Container\LinkedList.cpp">
      <Filter>Source Files</Filter>
    </ClCompile>
    <ClCompile Include="Models\Container\LinkedListEntry.cpp">
      <Filter>Source Files</Filter>
    </ClCompile>
  </ItemGroup>
  <ItemGroup>
    <ClInclude Include="MinHook\MinHook.h">
      <Filter>Header Files</Filter>
    </ClInclude>
    <ClInclude Include="Hooks.h">
      <Filter>Header Files</Filter>
    </ClInclude>
    <ClInclude Include="Addresses.h">
      <Filter>Header Files</Filter>
    </ClInclude>
    <ClInclude Include="Functions.h">
      <Filter>Header Files</Filter>
    </ClInclude>
    <ClInclude Include="Threading\Thread.h">
      <Filter>Header Files</Filter>
    </ClInclude>
    <ClInclude Include="Threading\ThreadContext.h">
      <Filter>Header Files</Filter>
    </ClInclude>
    <ClInclude Include="ByteBuffer.h">
      <Filter>Header Files</Filter>
    </ClInclude>
    <ClInclude Include="D3D\Audio.h">
      <Filter>Header Files</Filter>
    </ClInclude>
    <ClInclude Include="D3D\audiodefs.h">
      <Filter>Header Files</Filter>
    </ClInclude>
    <ClInclude Include="D3D\comdecl.h">
      <Filter>Header Files</Filter>
    </ClInclude>
    <ClInclude Include="D3D\CommonStates.h">
      <Filter>Header Files</Filter>
    </ClInclude>
    <ClInclude Include="D3D\D2D1.h">
      <Filter>Header Files</Filter>
    </ClInclude>
    <ClInclude Include="D3D\d2d1_1.h">
      <Filter>Header Files</Filter>
    </ClInclude>
    <ClInclude Include="D3D\d2d1_1helper.h">
      <Filter>Header Files</Filter>
    </ClInclude>
    <ClInclude Include="D3D\d2d1_2.h">
      <Filter>Header Files</Filter>
    </ClInclude>
    <ClInclude Include="D3D\d2d1_2helper.h">
      <Filter>Header Files</Filter>
    </ClInclude>
    <ClInclude Include="D3D\d2d1effectauthor.h">
      <Filter>Header Files</Filter>
    </ClInclude>
    <ClInclude Include="D3D\d2d1effecthelpers.h">
      <Filter>Header Files</Filter>
    </ClInclude>
    <ClInclude Include="D3D\d2d1effects.h">
      <Filter>Header Files</Filter>
    </ClInclude>
    <ClInclude Include="D3D\d2d1effects_1.h">
      <Filter>Header Files</Filter>
    </ClInclude>
    <ClInclude Include="D3D\D2D1Helper.h">
      <Filter>Header Files</Filter>
    </ClInclude>
    <ClInclude Include="D3D\D2DBaseTypes.h">
      <Filter>Header Files</Filter>
    </ClInclude>
    <ClInclude Include="D3D\D2Derr.h">
      <Filter>Header Files</Filter>
    </ClInclude>
    <ClInclude Include="D3D\d3d.h">
      <Filter>Header Files</Filter>
    </ClInclude>
    <ClInclude Include="D3D\d3d8.h">
      <Filter>Header Files</Filter>
    </ClInclude>
    <ClInclude Include="D3D\d3d8caps.h">
      <Filter>Header Files</Filter>
    </ClInclude>
    <ClInclude Include="D3D\d3d8types.h">
      <Filter>Header Files</Filter>
    </ClInclude>
    <ClInclude Include="D3D\d3d9.h">
      <Filter>Header Files</Filter>
    </ClInclude>
    <ClInclude Include="D3D\d3d9caps.h">
      <Filter>Header Files</Filter>
    </ClInclude>
    <ClInclude Include="D3D\d3d9types.h">
      <Filter>Header Files</Filter>
    </ClInclude>
    <ClInclude Include="D3D\D3D10.h">
      <Filter>Header Files</Filter>
    </ClInclude>
    <ClInclude Include="D3D\D3D10_1.h">
      <Filter>Header Files</Filter>
    </ClInclude>
    <ClInclude Include="D3D\D3D10_1shader.h">
      <Filter>Header Files</Filter>
    </ClInclude>
    <ClInclude Include="D3D\D3D10effect.h">
      <Filter>Header Files</Filter>
    </ClInclude>
    <ClInclude Include="D3D\d3d10misc.h">
      <Filter>Header Files</Filter>
    </ClInclude>
    <ClInclude Include="D3D\d3d10sdklayers.h">
      <Filter>Header Files</Filter>
    </ClInclude>
    <ClInclude Include="D3D\D3D10shader.h">
      <Filter>Header Files</Filter>
    </ClInclude>
    <ClInclude Include="D3D\D3D11.h">
      <Filter>Header Files</Filter>
    </ClInclude>
    <ClInclude Include="D3D\d3d11_1.h">
      <Filter>Header Files</Filter>
    </ClInclude>
    <ClInclude Include="D3D\d3d11_2.h">
      <Filter>Header Files</Filter>
    </ClInclude>
    <ClInclude Include="D3D\d3d11_3.h">
      <Filter>Header Files</Filter>
    </ClInclude>
    <ClInclude Include="D3D\D3D11SDKLayers.h">
      <Filter>Header Files</Filter>
    </ClInclude>
    <ClInclude Include="D3D\D3D11Shader.h">
      <Filter>Header Files</Filter>
    </ClInclude>
    <ClInclude Include="D3D\d3d11shadertracing.h">
      <Filter>Header Files</Filter>
    </ClInclude>
    <ClInclude Include="D3D\d3d12.h">
      <Filter>Header Files</Filter>
    </ClInclude>
    <ClInclude Include="D3D\d3d12sdklayers.h">
      <Filter>Header Files</Filter>
    </ClInclude>
    <ClInclude Include="D3D\d3d12shader.h">
      <Filter>Header Files</Filter>
    </ClInclude>
    <ClInclude Include="D3D\d3dcaps.h">
      <Filter>Header Files</Filter>
    </ClInclude>
    <ClInclude Include="D3D\D3Dcommon.h">
      <Filter>Header Files</Filter>
    </ClInclude>
    <ClInclude Include="D3D\D3Dcompiler.h">
      <Filter>Header Files</Filter>
    </ClInclude>
    <ClInclude Include="D3D\D3DCSX.h">
      <Filter>Header Files</Filter>
    </ClInclude>
    <ClInclude Include="D3D\d3dtypes.h">
      <Filter>Header Files</Filter>
    </ClInclude>
    <ClInclude Include="D3D\d3dx9.h">
      <Filter>Header Files</Filter>
    </ClInclude>
    <ClInclude Include="D3D\d3dx9anim.h">
      <Filter>Header Files</Filter>
    </ClInclude>
    <ClInclude Include="D3D\d3dx9core.h">
      <Filter>Header Files</Filter>
    </ClInclude>
    <ClInclude Include="D3D\d3dx9effect.h">
      <Filter>Header Files</Filter>
    </ClInclude>
    <ClInclude Include="D3D\d3dx9math.h">
      <Filter>Header Files</Filter>
    </ClInclude>
    <ClInclude Include="D3D\d3dx9mesh.h">
      <Filter>Header Files</Filter>
    </ClInclude>
    <ClInclude Include="D3D\d3dx9shader.h">
      <Filter>Header Files</Filter>
    </ClInclude>
    <ClInclude Include="D3D\d3dx9shape.h">
      <Filter>Header Files</Filter>
    </ClInclude>
    <ClInclude Include="D3D\d3dx9tex.h">
      <Filter>Header Files</Filter>
    </ClInclude>
    <ClInclude Include="D3D\d3dx9xof.h">
      <Filter>Header Files</Filter>
    </ClInclude>
    <ClInclude Include="D3D\D3DX10.h">
      <Filter>Header Files</Filter>
    </ClInclude>
    <ClInclude Include="D3D\d3dx10async.h">
      <Filter>Header Files</Filter>
    </ClInclude>
    <ClInclude Include="D3D\D3DX10core.h">
      <Filter>Header Files</Filter>
    </ClInclude>
    <ClInclude Include="D3D\D3DX10math.h">
      <Filter>Header Files</Filter>
    </ClInclude>
    <ClInclude Include="D3D\D3DX10mesh.h">
      <Filter>Header Files</Filter>
    </ClInclude>
    <ClInclude Include="D3D\D3DX10tex.h">
      <Filter>Header Files</Filter>
    </ClInclude>
    <ClInclude Include="D3D\D3DX11.h">
      <Filter>Header Files</Filter>
    </ClInclude>
    <ClInclude Include="D3D\D3DX11async.h">
      <Filter>Header Files</Filter>
    </ClInclude>
    <ClInclude Include="D3D\D3DX11core.h">
      <Filter>Header Files</Filter>
    </ClInclude>
    <ClInclude Include="D3D\d3dx11dbg.h">
      <Filter>Header Files</Filter>
    </ClInclude>
    <ClInclude Include="D3D\d3dx11effect.h">
      <Filter>Header Files</Filter>
    </ClInclude>
    <ClInclude Include="D3D\D3DX11tex.h">
      <Filter>Header Files</Filter>
    </ClInclude>
    <ClInclude Include="D3D\d3dxGlobal.h">
      <Filter>Header Files</Filter>
    </ClInclude>
    <ClInclude Include="D3D\Dcommon.h">
      <Filter>Header Files</Filter>
    </ClInclude>
    <ClInclude Include="D3D\dcomp.h">
      <Filter>Header Files</Filter>
    </ClInclude>
    <ClInclude Include="D3D\dcompanimation.h">
      <Filter>Header Files</Filter>
    </ClInclude>
    <ClInclude Include="D3D\dcomptypes.h">
      <Filter>Header Files</Filter>
    </ClInclude>
    <ClInclude Include="D3D\ddraw.h">
      <Filter>Header Files</Filter>
    </ClInclude>
    <ClInclude Include="D3D\DDSTextureLoader.h">
      <Filter>Header Files</Filter>
    </ClInclude>
    <ClInclude Include="D3D\dinput.h">
      <Filter>Header Files</Filter>
    </ClInclude>
    <ClInclude Include="D3D\dinputd.h">
      <Filter>Header Files</Filter>
    </ClInclude>
    <ClInclude Include="D3D\DirectXHelpers.h">
      <Filter>Header Files</Filter>
    </ClInclude>
    <ClInclude Include="D3D\dsconf.h">
      <Filter>Header Files</Filter>
    </ClInclude>
    <ClInclude Include="D3D\dsetup.h">
      <Filter>Header Files</Filter>
    </ClInclude>
    <ClInclude Include="D3D\dsound.h">
      <Filter>Header Files</Filter>
    </ClInclude>
    <ClInclude Include="D3D\DWrite.h">
      <Filter>Header Files</Filter>
    </ClInclude>
    <ClInclude Include="D3D\dwrite_1.h">
      <Filter>Header Files</Filter>
    </ClInclude>
    <ClInclude Include="D3D\dwrite_2.h">
      <Filter>Header Files</Filter>
    </ClInclude>
    <ClInclude Include="D3D\dxdiag.h">
      <Filter>Header Files</Filter>
    </ClInclude>
    <ClInclude Include="D3D\DxErr.h">
      <Filter>Header Files</Filter>
    </ClInclude>
    <ClInclude Include="D3D\dxfile.h">
      <Filter>Header Files</Filter>
    </ClInclude>
    <ClInclude Include="D3D\DXGI.h">
      <Filter>Header Files</Filter>
    </ClInclude>
    <ClInclude Include="D3D\dxgi1_2.h">
      <Filter>Header Files</Filter>
    </ClInclude>
    <ClInclude Include="D3D\dxgi1_3.h">
      <Filter>Header Files</Filter>
    </ClInclude>
    <ClInclude Include="D3D\dxgi1_4.h">
      <Filter>Header Files</Filter>
    </ClInclude>
    <ClInclude Include="D3D\dxgidebug.h">
      <Filter>Header Files</Filter>
    </ClInclude>
    <ClInclude Include="D3D\DXGIFormat.h">
      <Filter>Header Files</Filter>
    </ClInclude>
    <ClInclude Include="D3D\DXGIType.h">
      <Filter>Header Files</Filter>
    </ClInclude>
    <ClInclude Include="D3D\dxsdkver.h">
      <Filter>Header Files</Filter>
    </ClInclude>
    <ClInclude Include="D3D\dxva2api.h">
      <Filter>Header Files</Filter>
    </ClInclude>
    <ClInclude Include="D3D\Effects.h">
      <Filter>Header Files</Filter>
    </ClInclude>
    <ClInclude Include="D3D\FW1FontWrapper.h">
      <Filter>Header Files</Filter>
    </ClInclude>
    <ClInclude Include="D3D\GamePad.h">
      <Filter>Header Files</Filter>
    </ClInclude>
    <ClInclude Include="D3D\gameux.h">
      <Filter>Header Files</Filter>
    </ClInclude>
    <ClInclude Include="D3D\GeometricPrimitive.h">
      <Filter>Header Files</Filter>
    </ClInclude>
    <ClInclude Include="D3D\GraphicsMemory.h">
      <Filter>Header Files</Filter>
    </ClInclude>
    <ClInclude Include="D3D\Keyboard.h">
      <Filter>Header Files</Filter>
    </ClInclude>
    <ClInclude Include="D3D\Model.h">
      <Filter>Header Files</Filter>
    </ClInclude>
    <ClInclude Include="D3D\Mouse.h">
      <Filter>Header Files</Filter>
    </ClInclude>
    <ClInclude Include="D3D\PIXPlugin.h">
      <Filter>Header Files</Filter>
    </ClInclude>
    <ClInclude Include="D3D\PostProcess.h">
      <Filter>Header Files</Filter>
    </ClInclude>
    <ClInclude Include="D3D\PrimitiveBatch.h">
      <Filter>Header Files</Filter>
    </ClInclude>
    <ClInclude Include="D3D\rmxfguid.h">
      <Filter>Header Files</Filter>
    </ClInclude>
    <ClInclude Include="D3D\rmxftmpl.h">
      <Filter>Header Files</Filter>
    </ClInclude>
    <ClInclude Include="D3D\rpcsal.h">
      <Filter>Header Files</Filter>
    </ClInclude>
    <ClInclude Include="D3D\ScreenGrab.h">
      <Filter>Header Files</Filter>
    </ClInclude>
    <ClInclude Include="D3D\SimpleMath.h">
      <Filter>Header Files</Filter>
    </ClInclude>
    <ClInclude Include="D3D\SpriteBatch.h">
      <Filter>Header Files</Filter>
    </ClInclude>
    <ClInclude Include="D3D\SpriteFont.h">
      <Filter>Header Files</Filter>
    </ClInclude>
    <ClInclude Include="D3D\VertexTypes.h">
      <Filter>Header Files</Filter>
    </ClInclude>
    <ClInclude Include="D3D\WICTextureLoader.h">
      <Filter>Header Files</Filter>
    </ClInclude>
    <ClInclude Include="D3D\X3DAudio.h">
      <Filter>Header Files</Filter>
    </ClInclude>
    <ClInclude Include="D3D\xact3.h">
      <Filter>Header Files</Filter>
    </ClInclude>
    <ClInclude Include="D3D\xact3d3.h">
      <Filter>Header Files</Filter>
    </ClInclude>
    <ClInclude Include="D3D\xact3wb.h">
      <Filter>Header Files</Filter>
    </ClInclude>
    <ClInclude Include="D3D\XAPO.h">
      <Filter>Header Files</Filter>
    </ClInclude>
    <ClInclude Include="D3D\XAPOBase.h">
      <Filter>Header Files</Filter>
    </ClInclude>
    <ClInclude Include="D3D\XAPOFX.h">
      <Filter>Header Files</Filter>
    </ClInclude>
    <ClInclude Include="D3D\XAudio2.h">
      <Filter>Header Files</Filter>
    </ClInclude>
    <ClInclude Include="D3D\XAudio2fx.h">
      <Filter>Header Files</Filter>
    </ClInclude>
    <ClInclude Include="D3D\XboxDDSTextureLoader.h">
      <Filter>Header Files</Filter>
    </ClInclude>
    <ClInclude Include="D3D\XDSP.h">
      <Filter>Header Files</Filter>
    </ClInclude>
    <ClInclude Include="D3D\XInput.h">
      <Filter>Header Files</Filter>
    </ClInclude>
    <ClInclude Include="D3D\xma2defs.h">
      <Filter>Header Files</Filter>
    </ClInclude>
    <ClInclude Include="D3D\xnamath.h">
      <Filter>Header Files</Filter>
    </ClInclude>
    <ClInclude Include="ImGui\imconfig.h">
      <Filter>Header Files</Filter>
    </ClInclude>
    <ClInclude Include="ImGui\imgui.h">
      <Filter>Header Files</Filter>
    </ClInclude>
    <ClInclude Include="ImGui\imgui_impl_dx11.h">
      <Filter>Header Files</Filter>
    </ClInclude>
    <ClInclude Include="ImGui\imgui_internal.h">
      <Filter>Header Files</Filter>
    </ClInclude>
    <ClInclude Include="ImGui\stb_rect_pack.h">
      <Filter>Header Files</Filter>
    </ClInclude>
    <ClInclude Include="ImGui\stb_textedit.h">
      <Filter>Header Files</Filter>
    </ClInclude>
    <ClInclude Include="ImGui\stb_truetype.h">
      <Filter>Header Files</Filter>
    </ClInclude>
    <ClInclude Include="Rendering\rImGui.h">
      <Filter>Header Files</Filter>
    </ClInclude>
    <ClInclude Include="Utilities\WindowHandle.h">
      <Filter>Header Files</Filter>
    </ClInclude>
    <ClInclude Include="Types\Vector2.h">
      <Filter>Header Files</Filter>
    </ClInclude>
    <ClInclude Include="Types\Vector3.h">
      <Filter>Header Files</Filter>
    </ClInclude>
    <ClInclude Include="rapidjson\error\en.h">
      <Filter>Header Files</Filter>
    </ClInclude>
    <ClInclude Include="rapidjson\error\error.h">
      <Filter>Header Files</Filter>
    </ClInclude>
    <ClInclude Include="rapidjson\internal\biginteger.h">
      <Filter>Header Files</Filter>
    </ClInclude>
    <ClInclude Include="rapidjson\internal\diyfp.h">
      <Filter>Header Files</Filter>
    </ClInclude>
    <ClInclude Include="rapidjson\internal\dtoa.h">
      <Filter>Header Files</Filter>
    </ClInclude>
    <ClInclude Include="rapidjson\internal\ieee754.h">
      <Filter>Header Files</Filter>
    </ClInclude>
    <ClInclude Include="rapidjson\internal\itoa.h">
      <Filter>Header Files</Filter>
    </ClInclude>
    <ClInclude Include="rapidjson\internal\meta.h">
      <Filter>Header Files</Filter>
    </ClInclude>
    <ClInclude Include="rapidjson\internal\pow10.h">
      <Filter>Header Files</Filter>
    </ClInclude>
    <ClInclude Include="rapidjson\internal\regex.h">
      <Filter>Header Files</Filter>
    </ClInclude>
    <ClInclude Include="rapidjson\internal\stack.h">
      <Filter>Header Files</Filter>
    </ClInclude>
    <ClInclude Include="rapidjson\internal\strfunc.h">
      <Filter>Header Files</Filter>
    </ClInclude>
    <ClInclude Include="rapidjson\internal\strtod.h">
      <Filter>Header Files</Filter>
    </ClInclude>
    <ClInclude Include="rapidjson\internal\swap.h">
      <Filter>Header Files</Filter>
    </ClInclude>
    <ClInclude Include="rapidjson\msinttypes\inttypes.h">
      <Filter>Header Files</Filter>
    </ClInclude>
    <ClInclude Include="rapidjson\msinttypes\stdint.h">
      <Filter>Header Files</Filter>
    </ClInclude>
    <ClInclude Include="rapidjson\allocators.h">
      <Filter>Header Files</Filter>
    </ClInclude>
    <ClInclude Include="rapidjson\cursorstreamwrapper.h">
      <Filter>Header Files</Filter>
    </ClInclude>
    <ClInclude Include="rapidjson\document.h">
      <Filter>Header Files</Filter>
    </ClInclude>
    <ClInclude Include="rapidjson\encodedstream.h">
      <Filter>Header Files</Filter>
    </ClInclude>
    <ClInclude Include="rapidjson\encodings.h">
      <Filter>Header Files</Filter>
    </ClInclude>
    <ClInclude Include="rapidjson\filereadstream.h">
      <Filter>Header Files</Filter>
    </ClInclude>
    <ClInclude Include="rapidjson\filewritestream.h">
      <Filter>Header Files</Filter>
    </ClInclude>
    <ClInclude Include="rapidjson\fwd.h">
      <Filter>Header Files</Filter>
    </ClInclude>
    <ClInclude Include="rapidjson\istreamwrapper.h">
      <Filter>Header Files</Filter>
    </ClInclude>
    <ClInclude Include="rapidjson\memorybuffer.h">
      <Filter>Header Files</Filter>
    </ClInclude>
    <ClInclude Include="rapidjson\memorystream.h">
      <Filter>Header Files</Filter>
    </ClInclude>
    <ClInclude Include="rapidjson\ostreamwrapper.h">
      <Filter>Header Files</Filter>
    </ClInclude>
    <ClInclude Include="rapidjson\pointer.h">
      <Filter>Header Files</Filter>
    </ClInclude>
    <ClInclude Include="rapidjson\prettywriter.h">
      <Filter>Header Files</Filter>
    </ClInclude>
    <ClInclude Include="rapidjson\rapidjson.h">
      <Filter>Header Files</Filter>
    </ClInclude>
    <ClInclude Include="rapidjson\reader.h">
      <Filter>Header Files</Filter>
    </ClInclude>
    <ClInclude Include="rapidjson\schema.h">
      <Filter>Header Files</Filter>
    </ClInclude>
    <ClInclude Include="rapidjson\stream.h">
      <Filter>Header Files</Filter>
    </ClInclude>
    <ClInclude Include="rapidjson\stringbuffer.h">
      <Filter>Header Files</Filter>
    </ClInclude>
    <ClInclude Include="rapidjson\writer.h">
      <Filter>Header Files</Filter>
    </ClInclude>
    <ClInclude Include="Utilities\JSON.h">
      <Filter>Header Files</Filter>
    </ClInclude>
    <ClInclude Include="Utilities\FileReader.h">
      <Filter>Header Files</Filter>
    </ClInclude>
    <ClInclude Include="Utilities\MemoryObject.h">
      <Filter>Header Files</Filter>
    </ClInclude>
    <ClInclude Include="Models\Actor\ActorData.h">
      <Filter>Header Files</Filter>
    </ClInclude>
    <ClInclude Include="Models\Actor\ActorList.h">
      <Filter>Header Files</Filter>
    </ClInclude>
    <ClInclude Include="Models\Container\LinkedList.h">
      <Filter>Header Files</Filter>
    </ClInclude>
    <ClInclude Include="Models\Container\LinkedListEntry.h">
      <Filter>Header Files</Filter>
    </ClInclude>
  </ItemGroup>
  <ItemGroup>
    <None Include="D3D\d3dvec.inl">
      <Filter>Header Files</Filter>
    </None>
    <None Include="D3D\D3DX_DXGIFormatConvert.inl">
      <Filter>Header Files</Filter>
    </None>
    <None Include="D3D\d3dx9math.inl">
      <Filter>Header Files</Filter>
    </None>
    <None Include="D3D\D3DX10math.inl">
      <Filter>Header Files</Filter>
    </None>
    <None Include="D3D\SimpleMath.inl">
      <Filter>Header Files</Filter>
    </None>
    <None Include="D3D\xnamathconvert.inl">
      <Filter>Header Files</Filter>
    </None>
    <None Include="D3D\xnamathmatrix.inl">
      <Filter>Header Files</Filter>
    </None>
    <None Include="D3D\xnamathmisc.inl">
      <Filter>Header Files</Filter>
    </None>
    <None Include="D3D\xnamathvector.inl">
      <Filter>Header Files</Filter>
    </None>
  </ItemGroup>
</Project>